{
  "name": "daybrush-jsdoc-template",
  "version": "1.5.4",
  "lockfileVersion": 1,
  "requires": true,
  "dependencies": {
    "@daybrush/utils": {
      "version": "0.10.0",
      "resolved": "https://registry.npmjs.org/@daybrush/utils/-/utils-0.10.0.tgz",
      "integrity": "sha512-Rwy4w0eLd6JwMNOQX7c6UQ3a4407wE3i6A1K4pXqcMJ2AJw/+t3XXpKkrIaSmFqtp0jwXFSxReyv4iV3wsq2vQ=="
    }
  }
}
